// !$*UTF8*$!
{
	archiveVersion = 1;
	classes = {
	};
	objectVersion = 54;
	objects = {

/* Begin PBXBuildFile section */
		00E356F31AD99517003FC87E /* MyDoctorTests.m in Sources */ = {isa = PBXBuildFile; fileRef = 00E356F21AD99517003FC87E /* MyDoctorTests.m */; };
		13B07FBC1A68108700A75B9A /* AppDelegate.m in Sources */ = {isa = PBXBuildFile; fileRef = 13B07FB01A68108700A75B9A /* AppDelegate.m */; };
		13B07FBF1A68108700A75B9A /* Images.xcassets in Resources */ = {isa = PBXBuildFile; fileRef = 13B07FB51A68108700A75B9A /* Images.xcassets */; };
		13B07FC11A68108700A75B9A /* main.m in Sources */ = {isa = PBXBuildFile; fileRef = 13B07FB71A68108700A75B9A /* main.m */; };
		81AB9BB82411601600AC10FF /* LaunchScreen.storyboard in Resources */ = {isa = PBXBuildFile; fileRef = 81AB9BB72411601600AC10FF /* LaunchScreen.storyboard */; };
		4A2A399380554EF88B6371B8 /* AntDesign.ttf in Resources */ = {isa = PBXBuildFile; fileRef = 873A6B3745A44594B5806A54 /* AntDesign.ttf */; };
		B0201751567849ACA3F7B918 /* Entypo.ttf in Resources */ = {isa = PBXBuildFile; fileRef = 99415D74662048B6B07F50B7 /* Entypo.ttf */; };
		132B9730FE7D42F398228B78 /* EvilIcons.ttf in Resources */ = {isa = PBXBuildFile; fileRef = 97B1DADE79EE4F18A9134CD4 /* EvilIcons.ttf */; };
		E3BB809A576D4267AB20B6FC /* Feather.ttf in Resources */ = {isa = PBXBuildFile; fileRef = BB0DC1B6588F40B8B43F6CB9 /* Feather.ttf */; };
		0648520C58B347048666C081 /* FontAwesome.ttf in Resources */ = {isa = PBXBuildFile; fileRef = CE34A597BEE148968ECF8CA2 /* FontAwesome.ttf */; };
		45E66377D0EC4F60A0902146 /* FontAwesome5_Brands.ttf in Resources */ = {isa = PBXBuildFile; fileRef = 071FA103F0DF41079E2CC319 /* FontAwesome5_Brands.ttf */; };
		1A68254EF3294B7883CEF7C5 /* FontAwesome5_Regular.ttf in Resources */ = {isa = PBXBuildFile; fileRef = B68C4EE6ADCF4BD1A50E89FA /* FontAwesome5_Regular.ttf */; };
		33AC358981FB40F6A3E0E0E0 /* FontAwesome5_Solid.ttf in Resources */ = {isa = PBXBuildFile; fileRef = 285F465CBC714ABF960E2A43 /* FontAwesome5_Solid.ttf */; };
		7B5A24FCD39F4CC29C165FC0 /* Fontisto.ttf in Resources */ = {isa = PBXBuildFile; fileRef = 43933421114248FFAB6A72CF /* Fontisto.ttf */; };
		E6593CBC372F4FE3965FA83E /* Foundation.ttf in Resources */ = {isa = PBXBuildFile; fileRef = F86AF0E8D4CC4324B9BDA58B /* Foundation.ttf */; };
		0EAADD67C7F2494BAABD850A /* Ionicons.ttf in Resources */ = {isa = PBXBuildFile; fileRef = E31F353CE397466AB94037E7 /* Ionicons.ttf */; };
		CEBD857C4C344F8C9E151906 /* MaterialCommunityIcons.ttf in Resources */ = {isa = PBXBuildFile; fileRef = A3EFC00DE5E246A8947CCA1E /* MaterialCommunityIcons.ttf */; };
		F87E0C2CD5E64E4A94CEE41A /* MaterialIcons.ttf in Resources */ = {isa = PBXBuildFile; fileRef = F4C9502F04C84172B5E0840C /* MaterialIcons.ttf */; };
		7FE8E37B563E4182AB3B07C7 /* Octicons.ttf in Resources */ = {isa = PBXBuildFile; fileRef = 1DDE04F87157447D8D7DAE43 /* Octicons.ttf */; };
		1D24B3D102554A4C9C294F92 /* SimpleLineIcons.ttf in Resources */ = {isa = PBXBuildFile; fileRef = A2475A14EA0D4AACB83A4181 /* SimpleLineIcons.ttf */; };
		0E9BEB195E90469B8C249C08 /* Zocial.ttf in Resources */ = {isa = PBXBuildFile; fileRef = 3963A2D3750B4A2496CE5EAE /* Zocial.ttf */; };
		F07B4145E17743E1950D2DFC /* SF-Pro-Display-Black.otf in Resources */ = {isa = PBXBuildFile; fileRef = 0EFF592787C04D409419725B /* SF-Pro-Display-Black.otf */; };
		ECE968FFE1DF4D8EBDE8CEDC /* SF-Pro-Display-BlackItalic.otf in Resources */ = {isa = PBXBuildFile; fileRef = 82F9BF214E4A4D1AA622E5AE /* SF-Pro-Display-BlackItalic.otf */; };
		A7AE25F0D0A343A192164322 /* SF-Pro-Display-Bold.otf in Resources */ = {isa = PBXBuildFile; fileRef = 7570B077CE1C42768D9FDFDD /* SF-Pro-Display-Bold.otf */; };
		0402941182304C5CABF574F9 /* SF-Pro-Display-BoldItalic.otf in Resources */ = {isa = PBXBuildFile; fileRef = A308DF28557E4DF6A55A9C90 /* SF-Pro-Display-BoldItalic.otf */; };
		DC382604020F4BFC88A1824D /* SF-Pro-Display-Heavy.otf in Resources */ = {isa = PBXBuildFile; fileRef = 51B95757149E4FDD9E6CF361 /* SF-Pro-Display-Heavy.otf */; };
		14407A411BA84CADA123E4F0 /* SF-Pro-Display-HeavyItalic.otf in Resources */ = {isa = PBXBuildFile; fileRef = D2E3F57F02864E10AA8EC541 /* SF-Pro-Display-HeavyItalic.otf */; };
		43933C2D51E74C9F94B19C47 /* SF-Pro-Display-Light.otf in Resources */ = {isa = PBXBuildFile; fileRef = B558962C82C54EB887693D01 /* SF-Pro-Display-Light.otf */; };
		941A21E417E34CAABC8E9D6E /* SF-Pro-Display-LightItalic.otf in Resources */ = {isa = PBXBuildFile; fileRef = A4530B2D39EB4E878F3712B0 /* SF-Pro-Display-LightItalic.otf */; };
		D61F6E7752344FDE9EE8FCA6 /* SF-Pro-Display-Medium.otf in Resources */ = {isa = PBXBuildFile; fileRef = A6ACEA514DF34AB58F62EF57 /* SF-Pro-Display-Medium.otf */; };
		221FD7BF1ED34C4AB1899E08 /* SF-Pro-Display-MediumItalic.otf in Resources */ = {isa = PBXBuildFile; fileRef = 6A877CC47D5C4B0FA5DDE9D2 /* SF-Pro-Display-MediumItalic.otf */; };
		B8A2E61A2D624629A2ABCD17 /* SF-Pro-Display-Regular.otf in Resources */ = {isa = PBXBuildFile; fileRef = 80C862F2DCDC42A68B21C1EB /* SF-Pro-Display-Regular.otf */; };
		D9C2F8A4369347129B9D4339 /* SF-Pro-Display-RegularItalic.otf in Resources */ = {isa = PBXBuildFile; fileRef = B22ED93C96284827839A6770 /* SF-Pro-Display-RegularItalic.otf */; };
		43D05226D1AB4F46B15065C8 /* SF-Pro-Display-Semibold.otf in Resources */ = {isa = PBXBuildFile; fileRef = 42684A5F435D4A1896B60A8A /* SF-Pro-Display-Semibold.otf */; };
		B898AE62347A434AA57738B7 /* SF-Pro-Display-SemiboldItalic.otf in Resources */ = {isa = PBXBuildFile; fileRef = 3DBF2BAB2EB94C05B8A28EC4 /* SF-Pro-Display-SemiboldItalic.otf */; };
		6729FA8EC46C4DBA8237C9E5 /* SF-Pro-Display-Thin.otf in Resources */ = {isa = PBXBuildFile; fileRef = AD7F3D1C833D49089328A457 /* SF-Pro-Display-Thin.otf */; };
		7B1EE852DC954CBA9346BA8E /* SF-Pro-Display-ThinItalic.otf in Resources */ = {isa = PBXBuildFile; fileRef = 6611DFDF4674482089DC526A /* SF-Pro-Display-ThinItalic.otf */; };
		C8F1A4EA47A2469484C3DB0E /* SF-Pro-Display-Ultralight.otf in Resources */ = {isa = PBXBuildFile; fileRef = B7A63AB009B94D47B365AB9B /* SF-Pro-Display-Ultralight.otf */; };
		3BB8271E50864021B9AA0164 /* SF-Pro-Display-UltralightItalic.otf in Resources */ = {isa = PBXBuildFile; fileRef = CE016D09125E4A61BABFF12B /* SF-Pro-Display-UltralightItalic.otf */; };
		72EA42B03906420EA08EC600 /* SF-Pro-Display-Black.otf in Resources */ = {isa = PBXBuildFile; fileRef = D9F7FD6FB9EB49C5BC4245CB /* SF-Pro-Display-Black.otf */; };
		2C7A11CA21E849C5B465C77C /* SF-Pro-Display-BlackItalic.otf in Resources */ = {isa = PBXBuildFile; fileRef = 638270A6DD2E4BBA9BA8CEBD /* SF-Pro-Display-BlackItalic.otf */; };
		6762127957DE45E8B989916F /* SF-Pro-Display-Bold.otf in Resources */ = {isa = PBXBuildFile; fileRef = EDE3BA28C0A2444FAFE9111F /* SF-Pro-Display-Bold.otf */; };
		CEC2FD376B1D4625A4DD05E6 /* SF-Pro-Display-BoldItalic.otf in Resources */ = {isa = PBXBuildFile; fileRef = CAF55EB32571480694B83963 /* SF-Pro-Display-BoldItalic.otf */; };
		4EBC5231225A44D6BF5E56EA /* SF-Pro-Display-Heavy.otf in Resources */ = {isa = PBXBuildFile; fileRef = 4349C4D86BBA432D95B0357F /* SF-Pro-Display-Heavy.otf */; };
		863E287E53284779992EC102 /* SF-Pro-Display-HeavyItalic.otf in Resources */ = {isa = PBXBuildFile; fileRef = 92E8BDB3E0644922ADF8559D /* SF-Pro-Display-HeavyItalic.otf */; };
		E00AF77AE7C4411AAF801199 /* SF-Pro-Display-Light.otf in Resources */ = {isa = PBXBuildFile; fileRef = 04667FE638CF496FAB8A632A /* SF-Pro-Display-Light.otf */; };
		5EBCB28F07324B4FA1E295DB /* SF-Pro-Display-LightItalic.otf in Resources */ = {isa = PBXBuildFile; fileRef = CA679A7E2428434F802A4EF3 /* SF-Pro-Display-LightItalic.otf */; };
		CB1919005D954A67AEE9F5CA /* SF-Pro-Display-Medium.otf in Resources */ = {isa = PBXBuildFile; fileRef = 958DC778347C4B8198E3034E /* SF-Pro-Display-Medium.otf */; };
		1FF1EBA3ADC849B88ECDCFCB /* SF-Pro-Display-MediumItalic.otf in Resources */ = {isa = PBXBuildFile; fileRef = 3A936339BD794644AD840654 /* SF-Pro-Display-MediumItalic.otf */; };
		DC4582CAAF2544D087624D25 /* SF-Pro-Display-Regular.otf in Resources */ = {isa = PBXBuildFile; fileRef = EE1216C288434F209F42B8F2 /* SF-Pro-Display-Regular.otf */; };
		EFE62A39B1BD43DBB4F98513 /* SF-Pro-Display-RegularItalic.otf in Resources */ = {isa = PBXBuildFile; fileRef = 1F7481137A6D47C8A4D6F88C /* SF-Pro-Display-RegularItalic.otf */; };
		19097F596CD4441D9BD7965A /* SF-Pro-Display-Semibold.otf in Resources */ = {isa = PBXBuildFile; fileRef = B572F06AE0844136AAB0B6A3 /* SF-Pro-Display-Semibold.otf */; };
		79D466D1A005494B8E52B02D /* SF-Pro-Display-SemiboldItalic.otf in Resources */ = {isa = PBXBuildFile; fileRef = B31E049C3C04452182E2E883 /* SF-Pro-Display-SemiboldItalic.otf */; };
		7BF06DEED5AC4DC8B834FF5A /* SF-Pro-Display-Thin.otf in Resources */ = {isa = PBXBuildFile; fileRef = 26D6170FE8E440F09AF64C91 /* SF-Pro-Display-Thin.otf */; };
		F5CF6CBB17DD42ABB1DE4C6C /* SF-Pro-Display-ThinItalic.otf in Resources */ = {isa = PBXBuildFile; fileRef = ED02F31110AC4277853D736A /* SF-Pro-Display-ThinItalic.otf */; };
		785445B5F7AD4F63BCAD911C /* SF-Pro-Display-Ultralight.otf in Resources */ = {isa = PBXBuildFile; fileRef = BF6D4C6A6CF246AC903FE39D /* SF-Pro-Display-Ultralight.otf */; };
		98EC6FE1623D4693A874C83C /* SF-Pro-Display-UltralightItalic.otf in Resources */ = {isa = PBXBuildFile; fileRef = D647827F516345E3A7024BC3 /* SF-Pro-Display-UltralightItalic.otf */; };
/* End PBXBuildFile section */

/* Begin PBXContainerItemProxy section */
		00E356F41AD99517003FC87E /* PBXContainerItemProxy */ = {
			isa = PBXContainerItemProxy;
			containerPortal = 83CBB9F71A601CBA00E9B192 /* Project object */;
			proxyType = 1;
			remoteGlobalIDString = 13B07F861A680F5B00A75B9A;
			remoteInfo = MyDoctor;
		};
/* End PBXContainerItemProxy section */

/* Begin PBXFileReference section */
		00E356EE1AD99517003FC87E /* MyDoctorTests.xctest */ = {isa = PBXFileReference; explicitFileType = wrapper.cfbundle; includeInIndex = 0; path = MyDoctorTests.xctest; sourceTree = BUILT_PRODUCTS_DIR; };
		00E356F11AD99517003FC87E /* Info.plist */ = {isa = PBXFileReference; lastKnownFileType = text.plist.xml; path = Info.plist; sourceTree = "<group>"; };
		00E356F21AD99517003FC87E /* MyDoctorTests.m */ = {isa = PBXFileReference; lastKnownFileType = sourcecode.c.objc; path = MyDoctorTests.m; sourceTree = "<group>"; };
		13B07F961A680F5B00A75B9A /* MyDoctor.app */ = {isa = PBXFileReference; explicitFileType = wrapper.application; includeInIndex = 0; path = MyDoctor.app; sourceTree = BUILT_PRODUCTS_DIR; };
		13B07FAF1A68108700A75B9A /* AppDelegate.h */ = {isa = PBXFileReference; fileEncoding = 4; lastKnownFileType = sourcecode.c.h; name = AppDelegate.h; path = MyDoctor/AppDelegate.h; sourceTree = "<group>"; };
		13B07FB01A68108700A75B9A /* AppDelegate.m */ = {isa = PBXFileReference; fileEncoding = 4; lastKnownFileType = sourcecode.c.objc; name = AppDelegate.m; path = MyDoctor/AppDelegate.m; sourceTree = "<group>"; };
		13B07FB51A68108700A75B9A /* Images.xcassets */ = {isa = PBXFileReference; lastKnownFileType = folder.assetcatalog; name = Images.xcassets; path = MyDoctor/Images.xcassets; sourceTree = "<group>"; };
		13B07FB61A68108700A75B9A /* Info.plist */ = {isa = PBXFileReference; fileEncoding = 4; lastKnownFileType = text.plist.xml; name = Info.plist; path = MyDoctor/Info.plist; sourceTree = "<group>"; };
		13B07FB71A68108700A75B9A /* main.m */ = {isa = PBXFileReference; fileEncoding = 4; lastKnownFileType = sourcecode.c.objc; name = main.m; path = MyDoctor/main.m; sourceTree = "<group>"; };
		81AB9BB72411601600AC10FF /* LaunchScreen.storyboard */ = {isa = PBXFileReference; fileEncoding = 4; lastKnownFileType = file.storyboard; name = LaunchScreen.storyboard; path = MyDoctor/LaunchScreen.storyboard; sourceTree = "<group>"; };
		ED297162215061F000B7C4FE /* JavaScriptCore.framework */ = {isa = PBXFileReference; lastKnownFileType = wrapper.framework; name = JavaScriptCore.framework; path = System/Library/Frameworks/JavaScriptCore.framework; sourceTree = SDKROOT; };
		873A6B3745A44594B5806A54 /* AntDesign.ttf */ = {isa = PBXFileReference; name = "AntDesign.ttf"; path = "../node_modules/react-native-vector-icons/Fonts/AntDesign.ttf"; sourceTree = "<group>"; fileEncoding = undefined; lastKnownFileType = unknown; explicitFileType = undefined; includeInIndex = 0; };
		99415D74662048B6B07F50B7 /* Entypo.ttf */ = {isa = PBXFileReference; name = "Entypo.ttf"; path = "../node_modules/react-native-vector-icons/Fonts/Entypo.ttf"; sourceTree = "<group>"; fileEncoding = undefined; lastKnownFileType = unknown; explicitFileType = undefined; includeInIndex = 0; };
		97B1DADE79EE4F18A9134CD4 /* EvilIcons.ttf */ = {isa = PBXFileReference; name = "EvilIcons.ttf"; path = "../node_modules/react-native-vector-icons/Fonts/EvilIcons.ttf"; sourceTree = "<group>"; fileEncoding = undefined; lastKnownFileType = unknown; explicitFileType = undefined; includeInIndex = 0; };
		BB0DC1B6588F40B8B43F6CB9 /* Feather.ttf */ = {isa = PBXFileReference; name = "Feather.ttf"; path = "../node_modules/react-native-vector-icons/Fonts/Feather.ttf"; sourceTree = "<group>"; fileEncoding = undefined; lastKnownFileType = unknown; explicitFileType = undefined; includeInIndex = 0; };
		CE34A597BEE148968ECF8CA2 /* FontAwesome.ttf */ = {isa = PBXFileReference; name = "FontAwesome.ttf"; path = "../node_modules/react-native-vector-icons/Fonts/FontAwesome.ttf"; sourceTree = "<group>"; fileEncoding = undefined; lastKnownFileType = unknown; explicitFileType = undefined; includeInIndex = 0; };
		071FA103F0DF41079E2CC319 /* FontAwesome5_Brands.ttf */ = {isa = PBXFileReference; name = "FontAwesome5_Brands.ttf"; path = "../node_modules/react-native-vector-icons/Fonts/FontAwesome5_Brands.ttf"; sourceTree = "<group>"; fileEncoding = undefined; lastKnownFileType = unknown; explicitFileType = undefined; includeInIndex = 0; };
		B68C4EE6ADCF4BD1A50E89FA /* FontAwesome5_Regular.ttf */ = {isa = PBXFileReference; name = "FontAwesome5_Regular.ttf"; path = "../node_modules/react-native-vector-icons/Fonts/FontAwesome5_Regular.ttf"; sourceTree = "<group>"; fileEncoding = undefined; lastKnownFileType = unknown; explicitFileType = undefined; includeInIndex = 0; };
		285F465CBC714ABF960E2A43 /* FontAwesome5_Solid.ttf */ = {isa = PBXFileReference; name = "FontAwesome5_Solid.ttf"; path = "../node_modules/react-native-vector-icons/Fonts/FontAwesome5_Solid.ttf"; sourceTree = "<group>"; fileEncoding = undefined; lastKnownFileType = unknown; explicitFileType = undefined; includeInIndex = 0; };
		43933421114248FFAB6A72CF /* Fontisto.ttf */ = {isa = PBXFileReference; name = "Fontisto.ttf"; path = "../node_modules/react-native-vector-icons/Fonts/Fontisto.ttf"; sourceTree = "<group>"; fileEncoding = undefined; lastKnownFileType = unknown; explicitFileType = undefined; includeInIndex = 0; };
		F86AF0E8D4CC4324B9BDA58B /* Foundation.ttf */ = {isa = PBXFileReference; name = "Foundation.ttf"; path = "../node_modules/react-native-vector-icons/Fonts/Foundation.ttf"; sourceTree = "<group>"; fileEncoding = undefined; lastKnownFileType = unknown; explicitFileType = undefined; includeInIndex = 0; };
		E31F353CE397466AB94037E7 /* Ionicons.ttf */ = {isa = PBXFileReference; name = "Ionicons.ttf"; path = "../node_modules/react-native-vector-icons/Fonts/Ionicons.ttf"; sourceTree = "<group>"; fileEncoding = undefined; lastKnownFileType = unknown; explicitFileType = undefined; includeInIndex = 0; };
		A3EFC00DE5E246A8947CCA1E /* MaterialCommunityIcons.ttf */ = {isa = PBXFileReference; name = "MaterialCommunityIcons.ttf"; path = "../node_modules/react-native-vector-icons/Fonts/MaterialCommunityIcons.ttf"; sourceTree = "<group>"; fileEncoding = undefined; lastKnownFileType = unknown; explicitFileType = undefined; includeInIndex = 0; };
		F4C9502F04C84172B5E0840C /* MaterialIcons.ttf */ = {isa = PBXFileReference; name = "MaterialIcons.ttf"; path = "../node_modules/react-native-vector-icons/Fonts/MaterialIcons.ttf"; sourceTree = "<group>"; fileEncoding = undefined; lastKnownFileType = unknown; explicitFileType = undefined; includeInIndex = 0; };
		1DDE04F87157447D8D7DAE43 /* Octicons.ttf */ = {isa = PBXFileReference; name = "Octicons.ttf"; path = "../node_modules/react-native-vector-icons/Fonts/Octicons.ttf"; sourceTree = "<group>"; fileEncoding = undefined; lastKnownFileType = unknown; explicitFileType = undefined; includeInIndex = 0; };
		A2475A14EA0D4AACB83A4181 /* SimpleLineIcons.ttf */ = {isa = PBXFileReference; name = "SimpleLineIcons.ttf"; path = "../node_modules/react-native-vector-icons/Fonts/SimpleLineIcons.ttf"; sourceTree = "<group>"; fileEncoding = undefined; lastKnownFileType = unknown; explicitFileType = undefined; includeInIndex = 0; };
		3963A2D3750B4A2496CE5EAE /* Zocial.ttf */ = {isa = PBXFileReference; name = "Zocial.ttf"; path = "../node_modules/react-native-vector-icons/Fonts/Zocial.ttf"; sourceTree = "<group>"; fileEncoding = undefined; lastKnownFileType = unknown; explicitFileType = undefined; includeInIndex = 0; };
		0EFF592787C04D409419725B /* SF-Pro-Display-Black.otf */ = {isa = PBXFileReference; name = "SF-Pro-Display-Black.otf"; path = "../src/assets/fonts/SF-Pro-Display-Black.otf"; sourceTree = "<group>"; fileEncoding = undefined; lastKnownFileType = unknown; explicitFileType = undefined; includeInIndex = 0; };
		82F9BF214E4A4D1AA622E5AE /* SF-Pro-Display-BlackItalic.otf */ = {isa = PBXFileReference; name = "SF-Pro-Display-BlackItalic.otf"; path = "../src/assets/fonts/SF-Pro-Display-BlackItalic.otf"; sourceTree = "<group>"; fileEncoding = undefined; lastKnownFileType = unknown; explicitFileType = undefined; includeInIndex = 0; };
		7570B077CE1C42768D9FDFDD /* SF-Pro-Display-Bold.otf */ = {isa = PBXFileReference; name = "SF-Pro-Display-Bold.otf"; path = "../src/assets/fonts/SF-Pro-Display-Bold.otf"; sourceTree = "<group>"; fileEncoding = undefined; lastKnownFileType = unknown; explicitFileType = undefined; includeInIndex = 0; };
		A308DF28557E4DF6A55A9C90 /* SF-Pro-Display-BoldItalic.otf */ = {isa = PBXFileReference; name = "SF-Pro-Display-BoldItalic.otf"; path = "../src/assets/fonts/SF-Pro-Display-BoldItalic.otf"; sourceTree = "<group>"; fileEncoding = undefined; lastKnownFileType = unknown; explicitFileType = undefined; includeInIndex = 0; };
		51B95757149E4FDD9E6CF361 /* SF-Pro-Display-Heavy.otf */ = {isa = PBXFileReference; name = "SF-Pro-Display-Heavy.otf"; path = "../src/assets/fonts/SF-Pro-Display-Heavy.otf"; sourceTree = "<group>"; fileEncoding = undefined; lastKnownFileType = unknown; explicitFileType = undefined; includeInIndex = 0; };
		D2E3F57F02864E10AA8EC541 /* SF-Pro-Display-HeavyItalic.otf */ = {isa = PBXFileReference; name = "SF-Pro-Display-HeavyItalic.otf"; path = "../src/assets/fonts/SF-Pro-Display-HeavyItalic.otf"; sourceTree = "<group>"; fileEncoding = undefined; lastKnownFileType = unknown; explicitFileType = undefined; includeInIndex = 0; };
		B558962C82C54EB887693D01 /* SF-Pro-Display-Light.otf */ = {isa = PBXFileReference; name = "SF-Pro-Display-Light.otf"; path = "../src/assets/fonts/SF-Pro-Display-Light.otf"; sourceTree = "<group>"; fileEncoding = undefined; lastKnownFileType = unknown; explicitFileType = undefined; includeInIndex = 0; };
		A4530B2D39EB4E878F3712B0 /* SF-Pro-Display-LightItalic.otf */ = {isa = PBXFileReference; name = "SF-Pro-Display-LightItalic.otf"; path = "../src/assets/fonts/SF-Pro-Display-LightItalic.otf"; sourceTree = "<group>"; fileEncoding = undefined; lastKnownFileType = unknown; explicitFileType = undefined; includeInIndex = 0; };
		A6ACEA514DF34AB58F62EF57 /* SF-Pro-Display-Medium.otf */ = {isa = PBXFileReference; name = "SF-Pro-Display-Medium.otf"; path = "../src/assets/fonts/SF-Pro-Display-Medium.otf"; sourceTree = "<group>"; fileEncoding = undefined; lastKnownFileType = unknown; explicitFileType = undefined; includeInIndex = 0; };
		6A877CC47D5C4B0FA5DDE9D2 /* SF-Pro-Display-MediumItalic.otf */ = {isa = PBXFileReference; name = "SF-Pro-Display-MediumItalic.otf"; path = "../src/assets/fonts/SF-Pro-Display-MediumItalic.otf"; sourceTree = "<group>"; fileEncoding = undefined; lastKnownFileType = unknown; explicitFileType = undefined; includeInIndex = 0; };
		80C862F2DCDC42A68B21C1EB /* SF-Pro-Display-Regular.otf */ = {isa = PBXFileReference; name = "SF-Pro-Display-Regular.otf"; path = "../src/assets/fonts/SF-Pro-Display-Regular.otf"; sourceTree = "<group>"; fileEncoding = undefined; lastKnownFileType = unknown; explicitFileType = undefined; includeInIndex = 0; };
		B22ED93C96284827839A6770 /* SF-Pro-Display-RegularItalic.otf */ = {isa = PBXFileReference; name = "SF-Pro-Display-RegularItalic.otf"; path = "../src/assets/fonts/SF-Pro-Display-RegularItalic.otf"; sourceTree = "<group>"; fileEncoding = undefined; lastKnownFileType = unknown; explicitFileType = undefined; includeInIndex = 0; };
		42684A5F435D4A1896B60A8A /* SF-Pro-Display-Semibold.otf */ = {isa = PBXFileReference; name = "SF-Pro-Display-Semibold.otf"; path = "../src/assets/fonts/SF-Pro-Display-Semibold.otf"; sourceTree = "<group>"; fileEncoding = undefined; lastKnownFileType = unknown; explicitFileType = undefined; includeInIndex = 0; };
		3DBF2BAB2EB94C05B8A28EC4 /* SF-Pro-Display-SemiboldItalic.otf */ = {isa = PBXFileReference; name = "SF-Pro-Display-SemiboldItalic.otf"; path = "../src/assets/fonts/SF-Pro-Display-SemiboldItalic.otf"; sourceTree = "<group>"; fileEncoding = undefined; lastKnownFileType = unknown; explicitFileType = undefined; includeInIndex = 0; };
		AD7F3D1C833D49089328A457 /* SF-Pro-Display-Thin.otf */ = {isa = PBXFileReference; name = "SF-Pro-Display-Thin.otf"; path = "../src/assets/fonts/SF-Pro-Display-Thin.otf"; sourceTree = "<group>"; fileEncoding = undefined; lastKnownFileType = unknown; explicitFileType = undefined; includeInIndex = 0; };
		6611DFDF4674482089DC526A /* SF-Pro-Display-ThinItalic.otf */ = {isa = PBXFileReference; name = "SF-Pro-Display-ThinItalic.otf"; path = "../src/assets/fonts/SF-Pro-Display-ThinItalic.otf"; sourceTree = "<group>"; fileEncoding = undefined; lastKnownFileType = unknown; explicitFileType = undefined; includeInIndex = 0; };
		B7A63AB009B94D47B365AB9B /* SF-Pro-Display-Ultralight.otf */ = {isa = PBXFileReference; name = "SF-Pro-Display-Ultralight.otf"; path = "../src/assets/fonts/SF-Pro-Display-Ultralight.otf"; sourceTree = "<group>"; fileEncoding = undefined; lastKnownFileType = unknown; explicitFileType = undefined; includeInIndex = 0; };
		CE016D09125E4A61BABFF12B /* SF-Pro-Display-UltralightItalic.otf */ = {isa = PBXFileReference; name = "SF-Pro-Display-UltralightItalic.otf"; path = "../src/assets/fonts/SF-Pro-Display-UltralightItalic.otf"; sourceTree = "<group>"; fileEncoding = undefined; lastKnownFileType = unknown; explicitFileType = undefined; includeInIndex = 0; };
		D9F7FD6FB9EB49C5BC4245CB /* SF-Pro-Display-Black.otf */ = {isa = PBXFileReference; name = "SF-Pro-Display-Black.otf"; path = "../assets/fonts/SF-Pro-Display-Black.otf"; sourceTree = "<group>"; fileEncoding = undefined; lastKnownFileType = unknown; explicitFileType = undefined; includeInIndex = 0; };
		638270A6DD2E4BBA9BA8CEBD /* SF-Pro-Display-BlackItalic.otf */ = {isa = PBXFileReference; name = "SF-Pro-Display-BlackItalic.otf"; path = "../assets/fonts/SF-Pro-Display-BlackItalic.otf"; sourceTree = "<group>"; fileEncoding = undefined; lastKnownFileType = unknown; explicitFileType = undefined; includeInIndex = 0; };
		EDE3BA28C0A2444FAFE9111F /* SF-Pro-Display-Bold.otf */ = {isa = PBXFileReference; name = "SF-Pro-Display-Bold.otf"; path = "../assets/fonts/SF-Pro-Display-Bold.otf"; sourceTree = "<group>"; fileEncoding = undefined; lastKnownFileType = unknown; explicitFileType = undefined; includeInIndex = 0; };
		CAF55EB32571480694B83963 /* SF-Pro-Display-BoldItalic.otf */ = {isa = PBXFileReference; name = "SF-Pro-Display-BoldItalic.otf"; path = "../assets/fonts/SF-Pro-Display-BoldItalic.otf"; sourceTree = "<group>"; fileEncoding = undefined; lastKnownFileType = unknown; explicitFileType = undefined; includeInIndex = 0; };
		4349C4D86BBA432D95B0357F /* SF-Pro-Display-Heavy.otf */ = {isa = PBXFileReference; name = "SF-Pro-Display-Heavy.otf"; path = "../assets/fonts/SF-Pro-Display-Heavy.otf"; sourceTree = "<group>"; fileEncoding = undefined; lastKnownFileType = unknown; explicitFileType = undefined; includeInIndex = 0; };
		92E8BDB3E0644922ADF8559D /* SF-Pro-Display-HeavyItalic.otf */ = {isa = PBXFileReference; name = "SF-Pro-Display-HeavyItalic.otf"; path = "../assets/fonts/SF-Pro-Display-HeavyItalic.otf"; sourceTree = "<group>"; fileEncoding = undefined; lastKnownFileType = unknown; explicitFileType = undefined; includeInIndex = 0; };
		04667FE638CF496FAB8A632A /* SF-Pro-Display-Light.otf */ = {isa = PBXFileReference; name = "SF-Pro-Display-Light.otf"; path = "../assets/fonts/SF-Pro-Display-Light.otf"; sourceTree = "<group>"; fileEncoding = undefined; lastKnownFileType = unknown; explicitFileType = undefined; includeInIndex = 0; };
		CA679A7E2428434F802A4EF3 /* SF-Pro-Display-LightItalic.otf */ = {isa = PBXFileReference; name = "SF-Pro-Display-LightItalic.otf"; path = "../assets/fonts/SF-Pro-Display-LightItalic.otf"; sourceTree = "<group>"; fileEncoding = undefined; lastKnownFileType = unknown; explicitFileType = undefined; includeInIndex = 0; };
		958DC778347C4B8198E3034E /* SF-Pro-Display-Medium.otf */ = {isa = PBXFileReference; name = "SF-Pro-Display-Medium.otf"; path = "../assets/fonts/SF-Pro-Display-Medium.otf"; sourceTree = "<group>"; fileEncoding = undefined; lastKnownFileType = unknown; explicitFileType = undefined; includeInIndex = 0; };
		3A936339BD794644AD840654 /* SF-Pro-Display-MediumItalic.otf */ = {isa = PBXFileReference; name = "SF-Pro-Display-MediumItalic.otf"; path = "../assets/fonts/SF-Pro-Display-MediumItalic.otf"; sourceTree = "<group>"; fileEncoding = undefined; lastKnownFileType = unknown; explicitFileType = undefined; includeInIndex = 0; };
		EE1216C288434F209F42B8F2 /* SF-Pro-Display-Regular.otf */ = {isa = PBXFileReference; name = "SF-Pro-Display-Regular.otf"; path = "../assets/fonts/SF-Pro-Display-Regular.otf"; sourceTree = "<group>"; fileEncoding = undefined; lastKnownFileType = unknown; explicitFileType = undefined; includeInIndex = 0; };
		1F7481137A6D47C8A4D6F88C /* SF-Pro-Display-RegularItalic.otf */ = {isa = PBXFileReference; name = "SF-Pro-Display-RegularItalic.otf"; path = "../assets/fonts/SF-Pro-Display-RegularItalic.otf"; sourceTree = "<group>"; fileEncoding = undefined; lastKnownFileType = unknown; explicitFileType = undefined; includeInIndex = 0; };
		B572F06AE0844136AAB0B6A3 /* SF-Pro-Display-Semibold.otf */ = {isa = PBXFileReference; name = "SF-Pro-Display-Semibold.otf"; path = "../assets/fonts/SF-Pro-Display-Semibold.otf"; sourceTree = "<group>"; fileEncoding = undefined; lastKnownFileType = unknown; explicitFileType = undefined; includeInIndex = 0; };
		B31E049C3C04452182E2E883 /* SF-Pro-Display-SemiboldItalic.otf */ = {isa = PBXFileReference; name = "SF-Pro-Display-SemiboldItalic.otf"; path = "../assets/fonts/SF-Pro-Display-SemiboldItalic.otf"; sourceTree = "<group>"; fileEncoding = undefined; lastKnownFileType = unknown; explicitFileType = undefined; includeInIndex = 0; };
		26D6170FE8E440F09AF64C91 /* SF-Pro-Display-Thin.otf */ = {isa = PBXFileReference; name = "SF-Pro-Display-Thin.otf"; path = "../assets/fonts/SF-Pro-Display-Thin.otf"; sourceTree = "<group>"; fileEncoding = undefined; lastKnownFileType = unknown; explicitFileType = undefined; includeInIndex = 0; };
		ED02F31110AC4277853D736A /* SF-Pro-Display-ThinItalic.otf */ = {isa = PBXFileReference; name = "SF-Pro-Display-ThinItalic.otf"; path = "../assets/fonts/SF-Pro-Display-ThinItalic.otf"; sourceTree = "<group>"; fileEncoding = undefined; lastKnownFileType = unknown; explicitFileType = undefined; includeInIndex = 0; };
		BF6D4C6A6CF246AC903FE39D /* SF-Pro-Display-Ultralight.otf */ = {isa = PBXFileReference; name = "SF-Pro-Display-Ultralight.otf"; path = "../assets/fonts/SF-Pro-Display-Ultralight.otf"; sourceTree = "<group>"; fileEncoding = undefined; lastKnownFileType = unknown; explicitFileType = undefined; includeInIndex = 0; };
		D647827F516345E3A7024BC3 /* SF-Pro-Display-UltralightItalic.otf */ = {isa = PBXFileReference; name = "SF-Pro-Display-UltralightItalic.otf"; path = "../assets/fonts/SF-Pro-Display-UltralightItalic.otf"; sourceTree = "<group>"; fileEncoding = undefined; lastKnownFileType = unknown; explicitFileType = undefined; includeInIndex = 0; };
/* End PBXFileReference section */

/* Begin PBXFrameworksBuildPhase section */
		00E356EB1AD99517003FC87E /* Frameworks */ = {
			isa = PBXFrameworksBuildPhase;
			buildActionMask = 2147483647;
			files = (
			);
			runOnlyForDeploymentPostprocessing = 0;
		};
		13B07F8C1A680F5B00A75B9A /* Frameworks */ = {
			isa = PBXFrameworksBuildPhase;
			buildActionMask = 2147483647;
			files = (
			);
			runOnlyForDeploymentPostprocessing = 0;
		};
/* End PBXFrameworksBuildPhase section */

/* Begin PBXGroup section */
		00E356EF1AD99517003FC87E /* MyDoctorTests */ = {
			isa = PBXGroup;
			children = (
				00E356F21AD99517003FC87E /* MyDoctorTests.m */,
				00E356F01AD99517003FC87E /* Supporting Files */,
			);
			path = MyDoctorTests;
			sourceTree = "<group>";
		};
		00E356F01AD99517003FC87E /* Supporting Files */ = {
			isa = PBXGroup;
			children = (
				00E356F11AD99517003FC87E /* Info.plist */,
			);
			name = "Supporting Files";
			sourceTree = "<group>";
		};
		13B07FAE1A68108700A75B9A /* MyDoctor */ = {
			isa = PBXGroup;
			children = (
				13B07FAF1A68108700A75B9A /* AppDelegate.h */,
				13B07FB01A68108700A75B9A /* AppDelegate.m */,
				13B07FB51A68108700A75B9A /* Images.xcassets */,
				13B07FB61A68108700A75B9A /* Info.plist */,
				81AB9BB72411601600AC10FF /* LaunchScreen.storyboard */,
				13B07FB71A68108700A75B9A /* main.m */,
			);
			name = MyDoctor;
			sourceTree = "<group>";
		};
		2D16E6871FA4F8E400B85C8A /* Frameworks */ = {
			isa = PBXGroup;
			children = (
				ED297162215061F000B7C4FE /* JavaScriptCore.framework */,
			);
			name = Frameworks;
			sourceTree = "<group>";
		};
		832341AE1AAA6A7D00B99B32 /* Libraries */ = {
			isa = PBXGroup;
			children = (
			);
			name = Libraries;
			sourceTree = "<group>";
		};
		83CBB9F61A601CBA00E9B192 = {
			isa = PBXGroup;
			children = (
				13B07FAE1A68108700A75B9A /* MyDoctor */,
				832341AE1AAA6A7D00B99B32 /* Libraries */,
				00E356EF1AD99517003FC87E /* MyDoctorTests */,
				83CBBA001A601CBA00E9B192 /* Products */,
				2D16E6871FA4F8E400B85C8A /* Frameworks */,
				23A62694E65D44FE965AC36D /* Resources */,
			);
			indentWidth = 2;
			sourceTree = "<group>";
			tabWidth = 2;
			usesTabs = 0;
		};
		83CBBA001A601CBA00E9B192 /* Products */ = {
			isa = PBXGroup;
			children = (
				13B07F961A680F5B00A75B9A /* MyDoctor.app */,
				00E356EE1AD99517003FC87E /* MyDoctorTests.xctest */,
			);
			name = Products;
			sourceTree = "<group>";
		};
		23A62694E65D44FE965AC36D /* Resources */ = {
			isa = "PBXGroup";
			children = (
				873A6B3745A44594B5806A54 /* AntDesign.ttf */,
				99415D74662048B6B07F50B7 /* Entypo.ttf */,
				97B1DADE79EE4F18A9134CD4 /* EvilIcons.ttf */,
				BB0DC1B6588F40B8B43F6CB9 /* Feather.ttf */,
				CE34A597BEE148968ECF8CA2 /* FontAwesome.ttf */,
				071FA103F0DF41079E2CC319 /* FontAwesome5_Brands.ttf */,
				B68C4EE6ADCF4BD1A50E89FA /* FontAwesome5_Regular.ttf */,
				285F465CBC714ABF960E2A43 /* FontAwesome5_Solid.ttf */,
				43933421114248FFAB6A72CF /* Fontisto.ttf */,
				F86AF0E8D4CC4324B9BDA58B /* Foundation.ttf */,
				E31F353CE397466AB94037E7 /* Ionicons.ttf */,
				A3EFC00DE5E246A8947CCA1E /* MaterialCommunityIcons.ttf */,
				F4C9502F04C84172B5E0840C /* MaterialIcons.ttf */,
				1DDE04F87157447D8D7DAE43 /* Octicons.ttf */,
				A2475A14EA0D4AACB83A4181 /* SimpleLineIcons.ttf */,
				3963A2D3750B4A2496CE5EAE /* Zocial.ttf */,
				0EFF592787C04D409419725B /* SF-Pro-Display-Black.otf */,
				82F9BF214E4A4D1AA622E5AE /* SF-Pro-Display-BlackItalic.otf */,
				7570B077CE1C42768D9FDFDD /* SF-Pro-Display-Bold.otf */,
				A308DF28557E4DF6A55A9C90 /* SF-Pro-Display-BoldItalic.otf */,
				51B95757149E4FDD9E6CF361 /* SF-Pro-Display-Heavy.otf */,
				D2E3F57F02864E10AA8EC541 /* SF-Pro-Display-HeavyItalic.otf */,
				B558962C82C54EB887693D01 /* SF-Pro-Display-Light.otf */,
				A4530B2D39EB4E878F3712B0 /* SF-Pro-Display-LightItalic.otf */,
				A6ACEA514DF34AB58F62EF57 /* SF-Pro-Display-Medium.otf */,
				6A877CC47D5C4B0FA5DDE9D2 /* SF-Pro-Display-MediumItalic.otf */,
				80C862F2DCDC42A68B21C1EB /* SF-Pro-Display-Regular.otf */,
				B22ED93C96284827839A6770 /* SF-Pro-Display-RegularItalic.otf */,
				42684A5F435D4A1896B60A8A /* SF-Pro-Display-Semibold.otf */,
				3DBF2BAB2EB94C05B8A28EC4 /* SF-Pro-Display-SemiboldItalic.otf */,
				AD7F3D1C833D49089328A457 /* SF-Pro-Display-Thin.otf */,
				6611DFDF4674482089DC526A /* SF-Pro-Display-ThinItalic.otf */,
				B7A63AB009B94D47B365AB9B /* SF-Pro-Display-Ultralight.otf */,
				CE016D09125E4A61BABFF12B /* SF-Pro-Display-UltralightItalic.otf */,
				D9F7FD6FB9EB49C5BC4245CB /* SF-Pro-Display-Black.otf */,
				638270A6DD2E4BBA9BA8CEBD /* SF-Pro-Display-BlackItalic.otf */,
				EDE3BA28C0A2444FAFE9111F /* SF-Pro-Display-Bold.otf */,
				CAF55EB32571480694B83963 /* SF-Pro-Display-BoldItalic.otf */,
				4349C4D86BBA432D95B0357F /* SF-Pro-Display-Heavy.otf */,
				92E8BDB3E0644922ADF8559D /* SF-Pro-Display-HeavyItalic.otf */,
				04667FE638CF496FAB8A632A /* SF-Pro-Display-Light.otf */,
				CA679A7E2428434F802A4EF3 /* SF-Pro-Display-LightItalic.otf */,
				958DC778347C4B8198E3034E /* SF-Pro-Display-Medium.otf */,
				3A936339BD794644AD840654 /* SF-Pro-Display-MediumItalic.otf */,
				EE1216C288434F209F42B8F2 /* SF-Pro-Display-Regular.otf */,
				1F7481137A6D47C8A4D6F88C /* SF-Pro-Display-RegularItalic.otf */,
				B572F06AE0844136AAB0B6A3 /* SF-Pro-Display-Semibold.otf */,
				B31E049C3C04452182E2E883 /* SF-Pro-Display-SemiboldItalic.otf */,
				26D6170FE8E440F09AF64C91 /* SF-Pro-Display-Thin.otf */,
				ED02F31110AC4277853D736A /* SF-Pro-Display-ThinItalic.otf */,
				BF6D4C6A6CF246AC903FE39D /* SF-Pro-Display-Ultralight.otf */,
				D647827F516345E3A7024BC3 /* SF-Pro-Display-UltralightItalic.otf */,
			);
			name = Resources;
			sourceTree = "<group>";
			path = "";
		};
/* End PBXGroup section */

/* Begin PBXNativeTarget section */
		00E356ED1AD99517003FC87E /* MyDoctorTests */ = {
			isa = PBXNativeTarget;
			buildConfigurationList = 00E357021AD99517003FC87E /* Build configuration list for PBXNativeTarget "MyDoctorTests" */;
			buildPhases = (
				00E356EA1AD99517003FC87E /* Sources */,
				00E356EB1AD99517003FC87E /* Frameworks */,
				00E356EC1AD99517003FC87E /* Resources */,
			);
			buildRules = (
			);
			dependencies = (
				00E356F51AD99517003FC87E /* PBXTargetDependency */,
			);
			name = MyDoctorTests;
			productName = MyDoctorTests;
			productReference = 00E356EE1AD99517003FC87E /* MyDoctorTests.xctest */;
			productType = "com.apple.product-type.bundle.unit-test";
		};
		13B07F861A680F5B00A75B9A /* MyDoctor */ = {
			isa = PBXNativeTarget;
			buildConfigurationList = 13B07F931A680F5B00A75B9A /* Build configuration list for PBXNativeTarget "MyDoctor" */;
			buildPhases = (
				FD10A7F022414F080027D42C /* Start Packager */,
				13B07F871A680F5B00A75B9A /* Sources */,
				13B07F8C1A680F5B00A75B9A /* Frameworks */,
				13B07F8E1A680F5B00A75B9A /* Resources */,
				00DD1BFF1BD5951E006B06BC /* Bundle React Native code and images */,
			);
			buildRules = (
			);
			dependencies = (
			);
			name = MyDoctor;
			productName = MyDoctor;
			productReference = 13B07F961A680F5B00A75B9A /* MyDoctor.app */;
			productType = "com.apple.product-type.application";
		};
/* End PBXNativeTarget section */

/* Begin PBXProject section */
		83CBB9F71A601CBA00E9B192 /* Project object */ = {
			isa = PBXProject;
			attributes = {
				LastUpgradeCheck = 1210;
				TargetAttributes = {
					00E356ED1AD99517003FC87E = {
						CreatedOnToolsVersion = 6.2;
						TestTargetID = 13B07F861A680F5B00A75B9A;
					};
					13B07F861A680F5B00A75B9A = {
						LastSwiftMigration = 1120;
					};
				};
			};
			buildConfigurationList = 83CBB9FA1A601CBA00E9B192 /* Build configuration list for PBXProject "MyDoctor" */;
			compatibilityVersion = "Xcode 12.0";
			developmentRegion = en;
			hasScannedForEncodings = 0;
			knownRegions = (
				en,
				Base,
			);
			mainGroup = 83CBB9F61A601CBA00E9B192;
			productRefGroup = 83CBBA001A601CBA00E9B192 /* Products */;
			projectDirPath = "";
			projectRoot = "";
			targets = (
				13B07F861A680F5B00A75B9A /* MyDoctor */,
				00E356ED1AD99517003FC87E /* MyDoctorTests */,
			);
		};
/* End PBXProject section */

/* Begin PBXResourcesBuildPhase section */
		00E356EC1AD99517003FC87E /* Resources */ = {
			isa = PBXResourcesBuildPhase;
			buildActionMask = 2147483647;
			files = (
			);
			runOnlyForDeploymentPostprocessing = 0;
		};
		13B07F8E1A680F5B00A75B9A /* Resources */ = {
			isa = PBXResourcesBuildPhase;
			buildActionMask = 2147483647;
			files = (
				81AB9BB82411601600AC10FF /* LaunchScreen.storyboard in Resources */,
				13B07FBF1A68108700A75B9A /* Images.xcassets in Resources */,
				4A2A399380554EF88B6371B8 /* AntDesign.ttf in Resources */,
				B0201751567849ACA3F7B918 /* Entypo.ttf in Resources */,
				132B9730FE7D42F398228B78 /* EvilIcons.ttf in Resources */,
				E3BB809A576D4267AB20B6FC /* Feather.ttf in Resources */,
				0648520C58B347048666C081 /* FontAwesome.ttf in Resources */,
				45E66377D0EC4F60A0902146 /* FontAwesome5_Brands.ttf in Resources */,
				1A68254EF3294B7883CEF7C5 /* FontAwesome5_Regular.ttf in Resources */,
				33AC358981FB40F6A3E0E0E0 /* FontAwesome5_Solid.ttf in Resources */,
				7B5A24FCD39F4CC29C165FC0 /* Fontisto.ttf in Resources */,
				E6593CBC372F4FE3965FA83E /* Foundation.ttf in Resources */,
				0EAADD67C7F2494BAABD850A /* Ionicons.ttf in Resources */,
				CEBD857C4C344F8C9E151906 /* MaterialCommunityIcons.ttf in Resources */,
				F87E0C2CD5E64E4A94CEE41A /* MaterialIcons.ttf in Resources */,
				7FE8E37B563E4182AB3B07C7 /* Octicons.ttf in Resources */,
				1D24B3D102554A4C9C294F92 /* SimpleLineIcons.ttf in Resources */,
				0E9BEB195E90469B8C249C08 /* Zocial.ttf in Resources */,
				F07B4145E17743E1950D2DFC /* SF-Pro-Display-Black.otf in Resources */,
				ECE968FFE1DF4D8EBDE8CEDC /* SF-Pro-Display-BlackItalic.otf in Resources */,
				A7AE25F0D0A343A192164322 /* SF-Pro-Display-Bold.otf in Resources */,
				0402941182304C5CABF574F9 /* SF-Pro-Display-BoldItalic.otf in Resources */,
				DC382604020F4BFC88A1824D /* SF-Pro-Display-Heavy.otf in Resources */,
				14407A411BA84CADA123E4F0 /* SF-Pro-Display-HeavyItalic.otf in Resources */,
				43933C2D51E74C9F94B19C47 /* SF-Pro-Display-Light.otf in Resources */,
				941A21E417E34CAABC8E9D6E /* SF-Pro-Display-LightItalic.otf in Resources */,
				D61F6E7752344FDE9EE8FCA6 /* SF-Pro-Display-Medium.otf in Resources */,
				221FD7BF1ED34C4AB1899E08 /* SF-Pro-Display-MediumItalic.otf in Resources */,
				B8A2E61A2D624629A2ABCD17 /* SF-Pro-Display-Regular.otf in Resources */,
				D9C2F8A4369347129B9D4339 /* SF-Pro-Display-RegularItalic.otf in Resources */,
				43D05226D1AB4F46B15065C8 /* SF-Pro-Display-Semibold.otf in Resources */,
				B898AE62347A434AA57738B7 /* SF-Pro-Display-SemiboldItalic.otf in Resources */,
				6729FA8EC46C4DBA8237C9E5 /* SF-Pro-Display-Thin.otf in Resources */,
				7B1EE852DC954CBA9346BA8E /* SF-Pro-Display-ThinItalic.otf in Resources */,
				C8F1A4EA47A2469484C3DB0E /* SF-Pro-Display-Ultralight.otf in Resources */,
				3BB8271E50864021B9AA0164 /* SF-Pro-Display-UltralightItalic.otf in Resources */,
				72EA42B03906420EA08EC600 /* SF-Pro-Display-Black.otf in Resources */,
				2C7A11CA21E849C5B465C77C /* SF-Pro-Display-BlackItalic.otf in Resources */,
				6762127957DE45E8B989916F /* SF-Pro-Display-Bold.otf in Resources */,
				CEC2FD376B1D4625A4DD05E6 /* SF-Pro-Display-BoldItalic.otf in Resources */,
				4EBC5231225A44D6BF5E56EA /* SF-Pro-Display-Heavy.otf in Resources */,
				863E287E53284779992EC102 /* SF-Pro-Display-HeavyItalic.otf in Resources */,
				E00AF77AE7C4411AAF801199 /* SF-Pro-Display-Light.otf in Resources */,
				5EBCB28F07324B4FA1E295DB /* SF-Pro-Display-LightItalic.otf in Resources */,
				CB1919005D954A67AEE9F5CA /* SF-Pro-Display-Medium.otf in Resources */,
				1FF1EBA3ADC849B88ECDCFCB /* SF-Pro-Display-MediumItalic.otf in Resources */,
				DC4582CAAF2544D087624D25 /* SF-Pro-Display-Regular.otf in Resources */,
				EFE62A39B1BD43DBB4F98513 /* SF-Pro-Display-RegularItalic.otf in Resources */,
				19097F596CD4441D9BD7965A /* SF-Pro-Display-Semibold.otf in Resources */,
				79D466D1A005494B8E52B02D /* SF-Pro-Display-SemiboldItalic.otf in Resources */,
				7BF06DEED5AC4DC8B834FF5A /* SF-Pro-Display-Thin.otf in Resources */,
				F5CF6CBB17DD42ABB1DE4C6C /* SF-Pro-Display-ThinItalic.otf in Resources */,
				785445B5F7AD4F63BCAD911C /* SF-Pro-Display-Ultralight.otf in Resources */,
				98EC6FE1623D4693A874C83C /* SF-Pro-Display-UltralightItalic.otf in Resources */,
			);
			runOnlyForDeploymentPostprocessing = 0;
		};
/* End PBXResourcesBuildPhase section */

/* Begin PBXShellScriptBuildPhase section */
		00DD1BFF1BD5951E006B06BC /* Bundle React Native code and images */ = {
			isa = PBXShellScriptBuildPhase;
			buildActionMask = 2147483647;
			files = (
			);
			inputPaths = (
			);
			name = "Bundle React Native code and images";
			outputPaths = (
			);
			runOnlyForDeploymentPostprocessing = 0;
			shellPath = /bin/sh;
			shellScript = "set -e\n\nexport NODE_BINARY=node\n../node_modules/react-native/scripts/react-native-xcode.sh\n";
		};
		FD10A7F022414F080027D42C /* Start Packager */ = {
			isa = PBXShellScriptBuildPhase;
			buildActionMask = 2147483647;
			files = (
			);
			inputFileListPaths = (
			);
			inputPaths = (
			);
			name = "Start Packager";
			outputFileListPaths = (
			);
			outputPaths = (
			);
			runOnlyForDeploymentPostprocessing = 0;
			shellPath = /bin/sh;
			shellScript = "export RCT_METRO_PORT=\"${RCT_METRO_PORT:=8081}\"\necho \"export RCT_METRO_PORT=${RCT_METRO_PORT}\" > \"${SRCROOT}/../node_modules/react-native/scripts/.packager.env\"\nif [ -z \"${RCT_NO_LAUNCH_PACKAGER+xxx}\" ] ; then\n  if nc -w 5 -z localhost ${RCT_METRO_PORT} ; then\n    if ! curl -s \"http://localhost:${RCT_METRO_PORT}/status\" | grep -q \"packager-status:running\" ; then\n      echo \"Port ${RCT_METRO_PORT} already in use, packager is either not running or not running correctly\"\n      exit 2\n    fi\n  else\n    open \"$SRCROOT/../node_modules/react-native/scripts/launchPackager.command\" || echo \"Can't start packager automatically\"\n  fi\nfi\n";
			showEnvVarsInLog = 0;
		};
/* End PBXShellScriptBuildPhase section */

/* Begin PBXSourcesBuildPhase section */
		00E356EA1AD99517003FC87E /* Sources */ = {
			isa = PBXSourcesBuildPhase;
			buildActionMask = 2147483647;
			files = (
				00E356F31AD99517003FC87E /* MyDoctorTests.m in Sources */,
			);
			runOnlyForDeploymentPostprocessing = 0;
		};
		13B07F871A680F5B00A75B9A /* Sources */ = {
			isa = PBXSourcesBuildPhase;
			buildActionMask = 2147483647;
			files = (
				13B07FBC1A68108700A75B9A /* AppDelegate.m in Sources */,
				13B07FC11A68108700A75B9A /* main.m in Sources */,
			);
			runOnlyForDeploymentPostprocessing = 0;
		};
/* End PBXSourcesBuildPhase section */

/* Begin PBXTargetDependency section */
		00E356F51AD99517003FC87E /* PBXTargetDependency */ = {
			isa = PBXTargetDependency;
			target = 13B07F861A680F5B00A75B9A /* MyDoctor */;
			targetProxy = 00E356F41AD99517003FC87E /* PBXContainerItemProxy */;
		};
/* End PBXTargetDependency section */

/* Begin XCBuildConfiguration section */
		00E356F61AD99517003FC87E /* Debug */ = {
			isa = XCBuildConfiguration;
			buildSettings = {
				BUNDLE_LOADER = "$(TEST_HOST)";
				GCC_PREPROCESSOR_DEFINITIONS = (
					"DEBUG=1",
					"$(inherited)",
				);
				INFOPLIST_FILE = MyDoctorTests/Info.plist;
				IPHONEOS_DEPLOYMENT_TARGET = 11.0;
				LD_RUNPATH_SEARCH_PATHS = (
					"$(inherited)",
					"@executable_path/Frameworks",
					"@loader_path/Frameworks",
				);
				OTHER_LDFLAGS = (
					"-ObjC",
					"-lc++",
					"$(inherited)",
				);
				PRODUCT_BUNDLE_IDENTIFIER = "org.reactjs.native.example.$(PRODUCT_NAME:rfc1034identifier)";
				PRODUCT_NAME = "$(TARGET_NAME)";
				TEST_HOST = "$(BUILT_PRODUCTS_DIR)/MyDoctor.app/MyDoctor";
			};
			name = Debug;
		};
		00E356F71AD99517003FC87E /* Release */ = {
			isa = XCBuildConfiguration;
			buildSettings = {
				BUNDLE_LOADER = "$(TEST_HOST)";
				COPY_PHASE_STRIP = NO;
				INFOPLIST_FILE = MyDoctorTests/Info.plist;
				IPHONEOS_DEPLOYMENT_TARGET = 11.0;
				LD_RUNPATH_SEARCH_PATHS = (
					"$(inherited)",
					"@executable_path/Frameworks",
					"@loader_path/Frameworks",
				);
				OTHER_LDFLAGS = (
					"-ObjC",
					"-lc++",
					"$(inherited)",
				);
				PRODUCT_BUNDLE_IDENTIFIER = "org.reactjs.native.example.$(PRODUCT_NAME:rfc1034identifier)";
				PRODUCT_NAME = "$(TARGET_NAME)";
				TEST_HOST = "$(BUILT_PRODUCTS_DIR)/MyDoctor.app/MyDoctor";
			};
			name = Release;
		};
		13B07F941A680F5B00A75B9A /* Debug */ = {
			isa = XCBuildConfiguration;
			buildSettings = {
				ASSETCATALOG_COMPILER_APPICON_NAME = AppIcon;
				CLANG_ENABLE_MODULES = YES;
				CURRENT_PROJECT_VERSION = 1;
				ENABLE_BITCODE = NO;
				INFOPLIST_FILE = MyDoctor/Info.plist;
				LD_RUNPATH_SEARCH_PATHS = (
					"$(inherited)",
					"@executable_path/Frameworks",
				);
				OTHER_LDFLAGS = (
					"$(inherited)",
					"-ObjC",
					"-lc++",
				);
				PRODUCT_BUNDLE_IDENTIFIER = "org.reactjs.native.example.$(PRODUCT_NAME:rfc1034identifier)";
				PRODUCT_NAME = MyDoctor;
				SWIFT_OPTIMIZATION_LEVEL = "-Onone";
				SWIFT_VERSION = 5.0;
				VERSIONING_SYSTEM = "apple-generic";
			};
			name = Debug;
		};
		13B07F951A680F5B00A75B9A /* Release */ = {
			isa = XCBuildConfiguration;
			buildSettings = {
				ASSETCATALOG_COMPILER_APPICON_NAME = AppIcon;
				CLANG_ENABLE_MODULES = YES;
				CURRENT_PROJECT_VERSION = 1;
				INFOPLIST_FILE = MyDoctor/Info.plist;
				LD_RUNPATH_SEARCH_PATHS = (
					"$(inherited)",
					"@executable_path/Frameworks",
				);
				OTHER_LDFLAGS = (
					"$(inherited)",
					"-ObjC",
					"-lc++",
				);
				PRODUCT_BUNDLE_IDENTIFIER = "org.reactjs.native.example.$(PRODUCT_NAME:rfc1034identifier)";
				PRODUCT_NAME = MyDoctor;
				SWIFT_VERSION = 5.0;
				VERSIONING_SYSTEM = "apple-generic";
			};
			name = Release;
		};
		83CBBA201A601CBA00E9B192 /* Debug */ = {
			isa = XCBuildConfiguration;
			buildSettings = {
				ALWAYS_SEARCH_USER_PATHS = NO;
				CLANG_ANALYZER_LOCALIZABILITY_NONLOCALIZED = YES;
				CLANG_CXX_LANGUAGE_STANDARD = "gnu++0x";
				CLANG_CXX_LIBRARY = "libc++";
				CLANG_ENABLE_MODULES = YES;
				CLANG_ENABLE_OBJC_ARC = YES;
				CLANG_WARN_BLOCK_CAPTURE_AUTORELEASING = YES;
				CLANG_WARN_BOOL_CONVERSION = YES;
				CLANG_WARN_COMMA = YES;
				CLANG_WARN_CONSTANT_CONVERSION = YES;
				CLANG_WARN_DEPRECATED_OBJC_IMPLEMENTATIONS = YES;
				CLANG_WARN_DIRECT_OBJC_ISA_USAGE = YES_ERROR;
				CLANG_WARN_EMPTY_BODY = YES;
				CLANG_WARN_ENUM_CONVERSION = YES;
				CLANG_WARN_INFINITE_RECURSION = YES;
				CLANG_WARN_INT_CONVERSION = YES;
				CLANG_WARN_NON_LITERAL_NULL_CONVERSION = YES;
				CLANG_WARN_OBJC_IMPLICIT_RETAIN_SELF = YES;
				CLANG_WARN_OBJC_LITERAL_CONVERSION = YES;
				CLANG_WARN_OBJC_ROOT_CLASS = YES_ERROR;
				CLANG_WARN_QUOTED_INCLUDE_IN_FRAMEWORK_HEADER = YES;
				CLANG_WARN_RANGE_LOOP_ANALYSIS = YES;
				CLANG_WARN_STRICT_PROTOTYPES = YES;
				CLANG_WARN_SUSPICIOUS_MOVE = YES;
				CLANG_WARN_UNREACHABLE_CODE = YES;
				CLANG_WARN__DUPLICATE_METHOD_MATCH = YES;
				"CODE_SIGN_IDENTITY[sdk=iphoneos*]" = "iPhone Developer";
				COPY_PHASE_STRIP = NO;
				ENABLE_STRICT_OBJC_MSGSEND = YES;
				ENABLE_TESTABILITY = YES;
				GCC_C_LANGUAGE_STANDARD = gnu99;
				GCC_DYNAMIC_NO_PIC = NO;
				GCC_NO_COMMON_BLOCKS = YES;
				GCC_OPTIMIZATION_LEVEL = 0;
				GCC_PREPROCESSOR_DEFINITIONS = (
					"DEBUG=1",
					"$(inherited)",
				);
				GCC_SYMBOLS_PRIVATE_EXTERN = NO;
				GCC_WARN_64_TO_32_BIT_CONVERSION = YES;
				GCC_WARN_ABOUT_RETURN_TYPE = YES_ERROR;
				GCC_WARN_UNDECLARED_SELECTOR = YES;
				GCC_WARN_UNINITIALIZED_AUTOS = YES_AGGRESSIVE;
				GCC_WARN_UNUSED_FUNCTION = YES;
				GCC_WARN_UNUSED_VARIABLE = YES;
				IPHONEOS_DEPLOYMENT_TARGET = 11.0;
				LD_RUNPATH_SEARCH_PATHS = (
					/usr/lib/swift,
					"$(inherited)",
				);
				LIBRARY_SEARCH_PATHS = (
					"\"$(SDKROOT)/usr/lib/swift\"",
					"\"$(TOOLCHAIN_DIR)/usr/lib/swift/$(PLATFORM_NAME)\"",
					"\"$(inherited)\"",
				);
				MTL_ENABLE_DEBUG_INFO = YES;
				ONLY_ACTIVE_ARCH = YES;
				SDKROOT = iphoneos;
			};
			name = Debug;
		};
		83CBBA211A601CBA00E9B192 /* Release */ = {
			isa = XCBuildConfiguration;
			buildSettings = {
				ALWAYS_SEARCH_USER_PATHS = NO;
				CLANG_ANALYZER_LOCALIZABILITY_NONLOCALIZED = YES;
				CLANG_CXX_LANGUAGE_STANDARD = "gnu++0x";
				CLANG_CXX_LIBRARY = "libc++";
				CLANG_ENABLE_MODULES = YES;
				CLANG_ENABLE_OBJC_ARC = YES;
				CLANG_WARN_BLOCK_CAPTURE_AUTORELEASING = YES;
				CLANG_WARN_BOOL_CONVERSION = YES;
				CLANG_WARN_COMMA = YES;
				CLANG_WARN_CONSTANT_CONVERSION = YES;
				CLANG_WARN_DEPRECATED_OBJC_IMPLEMENTATIONS = YES;
				CLANG_WARN_DIRECT_OBJC_ISA_USAGE = YES_ERROR;
				CLANG_WARN_EMPTY_BODY = YES;
				CLANG_WARN_ENUM_CONVERSION = YES;
				CLANG_WARN_INFINITE_RECURSION = YES;
				CLANG_WARN_INT_CONVERSION = YES;
				CLANG_WARN_NON_LITERAL_NULL_CONVERSION = YES;
				CLANG_WARN_OBJC_IMPLICIT_RETAIN_SELF = YES;
				CLANG_WARN_OBJC_LITERAL_CONVERSION = YES;
				CLANG_WARN_OBJC_ROOT_CLASS = YES_ERROR;
				CLANG_WARN_QUOTED_INCLUDE_IN_FRAMEWORK_HEADER = YES;
				CLANG_WARN_RANGE_LOOP_ANALYSIS = YES;
				CLANG_WARN_STRICT_PROTOTYPES = YES;
				CLANG_WARN_SUSPICIOUS_MOVE = YES;
				CLANG_WARN_UNREACHABLE_CODE = YES;
				CLANG_WARN__DUPLICATE_METHOD_MATCH = YES;
				"CODE_SIGN_IDENTITY[sdk=iphoneos*]" = "iPhone Developer";
				COPY_PHASE_STRIP = YES;
				ENABLE_NS_ASSERTIONS = NO;
				ENABLE_STRICT_OBJC_MSGSEND = YES;
				GCC_C_LANGUAGE_STANDARD = gnu99;
				GCC_NO_COMMON_BLOCKS = YES;
				GCC_WARN_64_TO_32_BIT_CONVERSION = YES;
				GCC_WARN_ABOUT_RETURN_TYPE = YES_ERROR;
				GCC_WARN_UNDECLARED_SELECTOR = YES;
				GCC_WARN_UNINITIALIZED_AUTOS = YES_AGGRESSIVE;
				GCC_WARN_UNUSED_FUNCTION = YES;
				GCC_WARN_UNUSED_VARIABLE = YES;
				IPHONEOS_DEPLOYMENT_TARGET = 11.0;
				LD_RUNPATH_SEARCH_PATHS = (
					/usr/lib/swift,
					"$(inherited)",
				);
				LIBRARY_SEARCH_PATHS = (
					"\"$(SDKROOT)/usr/lib/swift\"",
					"\"$(TOOLCHAIN_DIR)/usr/lib/swift/$(PLATFORM_NAME)\"",
					"\"$(inherited)\"",
				);
				MTL_ENABLE_DEBUG_INFO = NO;
				SDKROOT = iphoneos;
				VALIDATE_PRODUCT = YES;
			};
			name = Release;
		};
/* End XCBuildConfiguration section */

/* Begin XCConfigurationList section */
		00E357021AD99517003FC87E /* Build configuration list for PBXNativeTarget "MyDoctorTests" */ = {
			isa = XCConfigurationList;
			buildConfigurations = (
				00E356F61AD99517003FC87E /* Debug */,
				00E356F71AD99517003FC87E /* Release */,
			);
			defaultConfigurationIsVisible = 0;
			defaultConfigurationName = Release;
		};
		13B07F931A680F5B00A75B9A /* Build configuration list for PBXNativeTarget "MyDoctor" */ = {
			isa = XCConfigurationList;
			buildConfigurations = (
				13B07F941A680F5B00A75B9A /* Debug */,
				13B07F951A680F5B00A75B9A /* Release */,
			);
			defaultConfigurationIsVisible = 0;
			defaultConfigurationName = Release;
		};
		83CBB9FA1A601CBA00E9B192 /* Build configuration list for PBXProject "MyDoctor" */ = {
			isa = XCConfigurationList;
			buildConfigurations = (
				83CBBA201A601CBA00E9B192 /* Debug */,
				83CBBA211A601CBA00E9B192 /* Release */,
			);
			defaultConfigurationIsVisible = 0;
			defaultConfigurationName = Release;
		};
/* End XCConfigurationList section */
	};
	rootObject = 83CBB9F71A601CBA00E9B192 /* Project object */;
}
